// !$*UTF8*$!
{
	archiveVersion = 1;
	classes = {
	};
	objectVersion = 56;
	objects = {

/* Begin PBXBuildFile section */
		6500413F2B3F985E00122C77 /* FacebookSignInHandler.swift in Sources */ = {isa = PBXBuildFile; fileRef = 6500413E2B3F985E00122C77 /* FacebookSignInHandler.swift */; };
		650041412B3FA2DC00122C77 /* AppDelegate.swift in Sources */ = {isa = PBXBuildFile; fileRef = 650041402B3FA2DC00122C77 /* AppDelegate.swift */; };
		6500416E2B3FDA1B00122C77 /* LeaderboardFields.graphql.swift in Sources */ = {isa = PBXBuildFile; fileRef = 650041442B3FDA1B00122C77 /* LeaderboardFields.graphql.swift */; };
		6500416F2B3FDA1B00122C77 /* CombineOAuthAccountsMutation.graphql.swift in Sources */ = {isa = PBXBuildFile; fileRef = 650041472B3FDA1B00122C77 /* CombineOAuthAccountsMutation.graphql.swift */; };
		650041702B3FDA1B00122C77 /* DeleteAccountMutation.graphql.swift in Sources */ = {isa = PBXBuildFile; fileRef = 650041482B3FDA1B00122C77 /* DeleteAccountMutation.graphql.swift */; };
		650041712B3FDA1B00122C77 /* LoginOrCreateUserMutation.graphql.swift in Sources */ = {isa = PBXBuildFile; fileRef = 650041492B3FDA1B00122C77 /* LoginOrCreateUserMutation.graphql.swift */; };
		650041722B3FDA1B00122C77 /* EditUserMutation.graphql.swift in Sources */ = {isa = PBXBuildFile; fileRef = 6500414A2B3FDA1B00122C77 /* EditUserMutation.graphql.swift */; };
		650041732B3FDA1B00122C77 /* CreateInviteKeyMutation.graphql.swift in Sources */ = {isa = PBXBuildFile; fileRef = 6500414B2B3FDA1B00122C77 /* CreateInviteKeyMutation.graphql.swift */; };
		650041742B3FDA1B00122C77 /* CreateUserProfilePictureUploadUrlMutation.graphql.swift in Sources */ = {isa = PBXBuildFile; fileRef = 6500414C2B3FDA1B00122C77 /* CreateUserProfilePictureUploadUrlMutation.graphql.swift */; };
		650041752B3FDA1B00122C77 /* CreateRunRecordUploadUrlMutation.graphql.swift in Sources */ = {isa = PBXBuildFile; fileRef = 6500414D2B3FDA1B00122C77 /* CreateRunRecordUploadUrlMutation.graphql.swift */; };
		650041762B3FDA1B00122C77 /* SubmitInviteKeyMutation.graphql.swift in Sources */ = {isa = PBXBuildFile; fileRef = 6500414E2B3FDA1B00122C77 /* SubmitInviteKeyMutation.graphql.swift */; };
		650041772B3FDA1B00122C77 /* GetUploadedLogsQuery.graphql.swift in Sources */ = {isa = PBXBuildFile; fileRef = 650041502B3FDA1B00122C77 /* GetUploadedLogsQuery.graphql.swift */; };
		650041782B3FDA1B00122C77 /* GetLogsQuery.graphql.swift in Sources */ = {isa = PBXBuildFile; fileRef = 650041512B3FDA1B00122C77 /* GetLogsQuery.graphql.swift */; };
		650041792B3FDA1B00122C77 /* GetProfileInformationQuery.graphql.swift in Sources */ = {isa = PBXBuildFile; fileRef = 650041522B3FDA1B00122C77 /* GetProfileInformationQuery.graphql.swift */; };
		6500417A2B3FDA1B00122C77 /* GetAllLeaderboardsQuery.graphql.swift in Sources */ = {isa = PBXBuildFile; fileRef = 650041532B3FDA1B00122C77 /* GetAllLeaderboardsQuery.graphql.swift */; };
		6500417B2B3FDA1B00122C77 /* GetSpecificLeaderboardQuery.graphql.swift in Sources */ = {isa = PBXBuildFile; fileRef = 650041542B3FDA1B00122C77 /* GetSpecificLeaderboardQuery.graphql.swift */; };
		6500417C2B3FDA1B00122C77 /* GetOAuthLoginsQuery.graphql.swift in Sources */ = {isa = PBXBuildFile; fileRef = 650041552B3FDA1B00122C77 /* GetOAuthLoginsQuery.graphql.swift */; };
		6500417D2B3FDA1B00122C77 /* OAuthType.graphql.swift in Sources */ = {isa = PBXBuildFile; fileRef = 650041582B3FDA1B00122C77 /* OAuthType.graphql.swift */; };
		6500417E2B3FDA1B00122C77 /* MeasurementSystem.graphql.swift in Sources */ = {isa = PBXBuildFile; fileRef = 650041592B3FDA1B00122C77 /* MeasurementSystem.graphql.swift */; };
		6500417F2B3FDA1B00122C77 /* LeaderboardSort.graphql.swift in Sources */ = {isa = PBXBuildFile; fileRef = 6500415A2B3FDA1B00122C77 /* LeaderboardSort.graphql.swift */; };
		650041802B3FDA1B00122C77 /* Timeframe.graphql.swift in Sources */ = {isa = PBXBuildFile; fileRef = 6500415B2B3FDA1B00122C77 /* Timeframe.graphql.swift */; };
		650041812B3FDA1B00122C77 /* LogDetailType.graphql.swift in Sources */ = {isa = PBXBuildFile; fileRef = 6500415C2B3FDA1B00122C77 /* LogDetailType.graphql.swift */; };
		650041822B3FDA1B00122C77 /* User.graphql.swift in Sources */ = {isa = PBXBuildFile; fileRef = 6500415E2B3FDA1B00122C77 /* User.graphql.swift */; };
		650041832B3FDA1B00122C77 /* Log.graphql.swift in Sources */ = {isa = PBXBuildFile; fileRef = 6500415F2B3FDA1B00122C77 /* Log.graphql.swift */; };
		650041842B3FDA1B00122C77 /* Mutation.graphql.swift in Sources */ = {isa = PBXBuildFile; fileRef = 650041602B3FDA1B00122C77 /* Mutation.graphql.swift */; };
		650041852B3FDA1B00122C77 /* OAuthTypeCorrelation.graphql.swift in Sources */ = {isa = PBXBuildFile; fileRef = 650041612B3FDA1B00122C77 /* OAuthTypeCorrelation.graphql.swift */; };
		650041862B3FDA1B00122C77 /* Query.graphql.swift in Sources */ = {isa = PBXBuildFile; fileRef = 650041622B3FDA1B00122C77 /* Query.graphql.swift */; };
		650041872B3FDA1B00122C77 /* LogDetail.graphql.swift in Sources */ = {isa = PBXBuildFile; fileRef = 650041632B3FDA1B00122C77 /* LogDetail.graphql.swift */; };
		650041882B3FDA1B00122C77 /* UserStats.graphql.swift in Sources */ = {isa = PBXBuildFile; fileRef = 650041642B3FDA1B00122C77 /* UserStats.graphql.swift */; };
		650041892B3FDA1B00122C77 /* AuthorizationToken.graphql.swift in Sources */ = {isa = PBXBuildFile; fileRef = 650041652B3FDA1B00122C77 /* AuthorizationToken.graphql.swift */; };
		6500418A2B3FDA1B00122C77 /* SchemaConfiguration.swift in Sources */ = {isa = PBXBuildFile; fileRef = 650041662B3FDA1B00122C77 /* SchemaConfiguration.swift */; };
		6500418B2B3FDA1B00122C77 /* OAuthTypeCorrelationInput.graphql.swift in Sources */ = {isa = PBXBuildFile; fileRef = 650041682B3FDA1B00122C77 /* OAuthTypeCorrelationInput.graphql.swift */; };
		6500418C2B3FDA1B00122C77 /* DeleteUserOptions.graphql.swift in Sources */ = {isa = PBXBuildFile; fileRef = 650041692B3FDA1B00122C77 /* DeleteUserOptions.graphql.swift */; };
		6500418D2B3FDA1B00122C77 /* UserDataPair.graphql.swift in Sources */ = {isa = PBXBuildFile; fileRef = 6500416A2B3FDA1B00122C77 /* UserDataPair.graphql.swift */; };
		6500418E2B3FDA1B00122C77 /* InvalidateTokenOption.graphql.swift in Sources */ = {isa = PBXBuildFile; fileRef = 6500416B2B3FDA1B00122C77 /* InvalidateTokenOption.graphql.swift */; };
		6500418F2B3FDA1B00122C77 /* SchemaMetadata.graphql.swift in Sources */ = {isa = PBXBuildFile; fileRef = 6500416C2B3FDA1B00122C77 /* SchemaMetadata.graphql.swift */; };
		650041902B3FDA1B00122C77 /* ApolloGeneratedGraphQL.graphql.swift in Sources */ = {isa = PBXBuildFile; fileRef = 6500416D2B3FDA1B00122C77 /* ApolloGeneratedGraphQL.graphql.swift */; };
		650041A12B3FDEC200122C77 /* FacebookBasics in Frameworks */ = {isa = PBXBuildFile; productRef = 650041A02B3FDEC200122C77 /* FacebookBasics */; };
		650041A32B3FDEC200122C77 /* FacebookCore in Frameworks */ = {isa = PBXBuildFile; productRef = 650041A22B3FDEC200122C77 /* FacebookCore */; };
		650041A72B3FDEC200122C77 /* FacebookLogin in Frameworks */ = {isa = PBXBuildFile; productRef = 650041A62B3FDEC200122C77 /* FacebookLogin */; };
		6529A82F2B1669C300FF455E /* FullLifetimeSummaryView.swift in Sources */ = {isa = PBXBuildFile; fileRef = 6529A82E2B1669C300FF455E /* FullLifetimeSummaryView.swift */; };
		6529A8322B1785DF00FF455E /* FolderConnectionView.swift in Sources */ = {isa = PBXBuildFile; fileRef = 6529A8312B1785DF00FF455E /* FolderConnectionView.swift */; };
		6529A8342B17EBF300FF455E /* EditProfileView.swift in Sources */ = {isa = PBXBuildFile; fileRef = 6529A8332B17EBF300FF455E /* EditProfileView.swift */; };
		6529A8362B17EC1000FF455E /* NotificationSettingsView.swift in Sources */ = {isa = PBXBuildFile; fileRef = 6529A8352B17EC1000FF455E /* NotificationSettingsView.swift */; };
		6529A83C2B190ECF00FF455E /* GeneralSettingsView.swift in Sources */ = {isa = PBXBuildFile; fileRef = 6529A83B2B190ECF00FF455E /* GeneralSettingsView.swift */; };
		6529A83E2B1AE5F500FF455E /* EditProfileHandler.swift in Sources */ = {isa = PBXBuildFile; fileRef = 6529A83D2B1AE5F500FF455E /* EditProfileHandler.swift */; };
		6529A8402B1AECCC00FF455E /* InvitationKeyView.swift in Sources */ = {isa = PBXBuildFile; fileRef = 6529A83F2B1AECCC00FF455E /* InvitationKeyView.swift */; };
		653404912B24E51D00614C59 /* TopLeadersForCategoryView.swift in Sources */ = {isa = PBXBuildFile; fileRef = 653404902B24E51D00614C59 /* TopLeadersForCategoryView.swift */; };
		653404932B24E96800614C59 /* LeaderAttributes.swift in Sources */ = {isa = PBXBuildFile; fileRef = 653404922B24E96800614C59 /* LeaderAttributes.swift */; };
		653404952B257E7700614C59 /* AllLeadersForCategoryView.swift in Sources */ = {isa = PBXBuildFile; fileRef = 653404942B257E7700614C59 /* AllLeadersForCategoryView.swift */; };
		6534049A2B26838D00614C59 /* FolderConnectionHandler.swift in Sources */ = {isa = PBXBuildFile; fileRef = 653404992B26838D00614C59 /* FolderConnectionHandler.swift */; };
		653404A22B26CD1900614C59 /* FolderConnectionHandler+ErrorAlerts.swift in Sources */ = {isa = PBXBuildFile; fileRef = 653404A12B26CD1900614C59 /* FolderConnectionHandler+ErrorAlerts.swift */; };
		653404A52B26CFC100614C59 /* FileUploadProgressView.swift in Sources */ = {isa = PBXBuildFile; fileRef = 653404A42B26CFC100614C59 /* FileUploadProgressView.swift */; };
		653404A92B27A86F00614C59 /* AutoUploadView.swift in Sources */ = {isa = PBXBuildFile; fileRef = 653404A82B27A86F00614C59 /* AutoUploadView.swift */; };
		653404AB2B27F2D600614C59 /* NotificationsHandler.swift in Sources */ = {isa = PBXBuildFile; fileRef = 653404AA2B27F2D600614C59 /* NotificationsHandler.swift */; };
		6573BA1B2B282B8D00381085 /* AppleSignInHandler.swift in Sources */ = {isa = PBXBuildFile; fileRef = 6573BA1A2B282B8D00381085 /* AppleSignInHandler.swift */; };
		659FAEE52B3748770027E795 /* GetSpecificLeaderboard.graphql in Resources */ = {isa = PBXBuildFile; fileRef = 659FAEE42B3748770027E795 /* GetSpecificLeaderboard.graphql */; };
		65A518CF2B2D38BF00A06014 /* PreviewSampleProfile.swift in Sources */ = {isa = PBXBuildFile; fileRef = 65A518CE2B2D38BF00A06014 /* PreviewSampleProfile.swift */; };
		65B35E902B118C17002E99E4 /* Lynx_SwiftUIApp.swift in Sources */ = {isa = PBXBuildFile; fileRef = 65B35E8F2B118C17002E99E4 /* Lynx_SwiftUIApp.swift */; };
		65B35E942B118C18002E99E4 /* Assets.xcassets in Resources */ = {isa = PBXBuildFile; fileRef = 65B35E932B118C18002E99E4 /* Assets.xcassets */; };
		65B35E972B118C18002E99E4 /* Preview Assets.xcassets in Resources */ = {isa = PBXBuildFile; fileRef = 65B35E962B118C18002E99E4 /* Preview Assets.xcassets */; };
		65B35EA12B11931E002E99E4 /* HomeView.swift in Sources */ = {isa = PBXBuildFile; fileRef = 65B35EA02B11931E002E99E4 /* HomeView.swift */; };
		65B35EA32B1193B7002E99E4 /* LogbookView.swift in Sources */ = {isa = PBXBuildFile; fileRef = 65B35EA22B1193B7002E99E4 /* LogbookView.swift */; };
		65B35EA52B1193C1002E99E4 /* LeaderboardView.swift in Sources */ = {isa = PBXBuildFile; fileRef = 65B35EA42B1193C1002E99E4 /* LeaderboardView.swift */; };
		65B35EA72B1193CC002E99E4 /* AccountView.swift in Sources */ = {isa = PBXBuildFile; fileRef = 65B35EA62B1193CC002E99E4 /* AccountView.swift */; };
		65B35EAE2B1198B1002E99E4 /* ProfileSummaryView.swift in Sources */ = {isa = PBXBuildFile; fileRef = 65B35EAD2B1198B1002E99E4 /* ProfileSummaryView.swift */; };
		65B35EB02B119BB8002E99E4 /* LifetimeDetailsView.swift in Sources */ = {isa = PBXBuildFile; fileRef = 65B35EAF2B119BB8002E99E4 /* LifetimeDetailsView.swift */; };
		65B35EB22B11A1C5002E99E4 /* LoginView.swift in Sources */ = {isa = PBXBuildFile; fileRef = 65B35EB12B11A1C5002E99E4 /* LoginView.swift */; };
		65B35EF02B11BE0B002E99E4 /* schema.graphql in Resources */ = {isa = PBXBuildFile; fileRef = 65B35EB62B11BE0B002E99E4 /* schema.graphql */; };
		65B35EF12B11BE0B002E99E4 /* apollo-ios-cli in Resources */ = {isa = PBXBuildFile; fileRef = 65B35EB72B11BE0B002E99E4 /* apollo-ios-cli */; };
		65B35EF22B11BE0B002E99E4 /* ApolloLynxClient.swift in Sources */ = {isa = PBXBuildFile; fileRef = 65B35EB92B11BE0B002E99E4 /* ApolloLynxClient.swift */; };
		65B35EF32B11BE0B002E99E4 /* UserManager.swift in Sources */ = {isa = PBXBuildFile; fileRef = 65B35EBA2B11BE0B002E99E4 /* UserManager.swift */; };
		65B35EF42B11BE0B002E99E4 /* ResponseLoggingInterceptor.swift in Sources */ = {isa = PBXBuildFile; fileRef = 65B35EBB2B11BE0B002E99E4 /* ResponseLoggingInterceptor.swift */; };
		65B35EF52B11BE0B002E99E4 /* RequestLoggingInterceptor.swift in Sources */ = {isa = PBXBuildFile; fileRef = 65B35EBC2B11BE0B002E99E4 /* RequestLoggingInterceptor.swift */; };
		65B35EF62B11BE0B002E99E4 /* UserManagementInterceptor.swift in Sources */ = {isa = PBXBuildFile; fileRef = 65B35EBD2B11BE0B002E99E4 /* UserManagementInterceptor.swift */; };
		65B35EF72B11BE0C002E99E4 /* UserError.swift in Sources */ = {isa = PBXBuildFile; fileRef = 65B35EBE2B11BE0B002E99E4 /* UserError.swift */; };
		65B35EF82B11BE0C002E99E4 /* NetworkInterceptorProvider.swift in Sources */ = {isa = PBXBuildFile; fileRef = 65B35EBF2B11BE0B002E99E4 /* NetworkInterceptorProvider.swift */; };
		65B35EF92B11BE0C002E99E4 /* CreateInviteKey.graphql in Resources */ = {isa = PBXBuildFile; fileRef = 65B35EC22B11BE0B002E99E4 /* CreateInviteKey.graphql */; };
		65B35EFA2B11BE0C002E99E4 /* CreateUserProfilePictureUploadUrl.graphql in Resources */ = {isa = PBXBuildFile; fileRef = 65B35EC32B11BE0B002E99E4 /* CreateUserProfilePictureUploadUrl.graphql */; };
		65B35EFB2B11BE0C002E99E4 /* DeleteAccount.graphql in Resources */ = {isa = PBXBuildFile; fileRef = 65B35EC42B11BE0B002E99E4 /* DeleteAccount.graphql */; };
		65B35EFC2B11BE0C002E99E4 /* CreateRunRecordUploadUrl.graphql in Resources */ = {isa = PBXBuildFile; fileRef = 65B35EC52B11BE0B002E99E4 /* CreateRunRecordUploadUrl.graphql */; };
		65B35EFD2B11BE0C002E99E4 /* MergeAccounts.graphql in Resources */ = {isa = PBXBuildFile; fileRef = 65B35EC62B11BE0B002E99E4 /* MergeAccounts.graphql */; };
		65B35EFE2B11BE0C002E99E4 /* LoginOrCreateUser.graphql in Resources */ = {isa = PBXBuildFile; fileRef = 65B35EC72B11BE0B002E99E4 /* LoginOrCreateUser.graphql */; };
		65B35EFF2B11BE0C002E99E4 /* EditUser.graphql in Resources */ = {isa = PBXBuildFile; fileRef = 65B35EC82B11BE0B002E99E4 /* EditUser.graphql */; };
		65B35F002B11BE0C002E99E4 /* SubmitInviteKey.graphql in Resources */ = {isa = PBXBuildFile; fileRef = 65B35EC92B11BE0B002E99E4 /* SubmitInviteKey.graphql */; };
		65B35F012B11BE0C002E99E4 /* GetProfileInformation.graphql in Resources */ = {isa = PBXBuildFile; fileRef = 65B35ECB2B11BE0B002E99E4 /* GetProfileInformation.graphql */; };
		65B35F022B11BE0C002E99E4 /* GetAllLeaderboards.graphql in Resources */ = {isa = PBXBuildFile; fileRef = 65B35ECC2B11BE0B002E99E4 /* GetAllLeaderboards.graphql */; };
		65B35F032B11BE0C002E99E4 /* GetOAuthLogins.graphql in Resources */ = {isa = PBXBuildFile; fileRef = 65B35ECD2B11BE0B002E99E4 /* GetOAuthLogins.graphql */; };
		65B35F052B11BE0C002E99E4 /* GetUploadedLogs.graphql in Resources */ = {isa = PBXBuildFile; fileRef = 65B35ECF2B11BE0B002E99E4 /* GetUploadedLogs.graphql */; };
		65B35F062B11BE0C002E99E4 /* GetLogs.graphql in Resources */ = {isa = PBXBuildFile; fileRef = 65B35ED02B11BE0B002E99E4 /* GetLogs.graphql */; };
		65B35F072B11BE0C002E99E4 /* apollo-codegen-config.json in Resources */ = {isa = PBXBuildFile; fileRef = 65B35ED12B11BE0B002E99E4 /* apollo-codegen-config.json */; };
		65B35F292B11BEA1002E99E4 /* GoogleSignIn in Frameworks */ = {isa = PBXBuildFile; productRef = 65B35F282B11BEA1002E99E4 /* GoogleSignIn */; };
		65B35F2B2B11BEA1002E99E4 /* GoogleSignInSwift in Frameworks */ = {isa = PBXBuildFile; productRef = 65B35F2A2B11BEA1002E99E4 /* GoogleSignInSwift */; };
		65B35F2F2B11BF1D002E99E4 /* NetworkManager.swift in Sources */ = {isa = PBXBuildFile; fileRef = 65B35F2D2B11BF1D002E99E4 /* NetworkManager.swift */; };
		65B35F322B11BF4B002E99E4 /* Extensions.swift in Sources */ = {isa = PBXBuildFile; fileRef = 65B35F312B11BF4B002E99E4 /* Extensions.swift */; };
		65B35F352B11BFE2002E99E4 /* Apollo in Frameworks */ = {isa = PBXBuildFile; productRef = 65B35F342B11BFE2002E99E4 /* Apollo */; };
		65B35F8E2B11C1E0002E99E4 /* Profile.swift in Sources */ = {isa = PBXBuildFile; fileRef = 65B35F8D2B11C1E0002E99E4 /* Profile.swift */; };
		65B35F902B11C2A0002E99E4 /* BookmarkManager.swift in Sources */ = {isa = PBXBuildFile; fileRef = 65B35F8F2B11C2A0002E99E4 /* BookmarkManager.swift */; };
		65B39A652B13E61100948C9D /* ProfileManager.swift in Sources */ = {isa = PBXBuildFile; fileRef = 65B39A642B13E61100948C9D /* ProfileManager.swift */; };
		65B39A672B13FD0500948C9D /* LogbookStats.swift in Sources */ = {isa = PBXBuildFile; fileRef = 65B39A662B13FD0500948C9D /* LogbookStats.swift */; };
		65D59FE42B2ECE16008E3A2B /* KeychainManager.swift in Sources */ = {isa = PBXBuildFile; fileRef = 65D59FE32B2ECE16008E3A2B /* KeychainManager.swift */; };
		65F6CFD62B12EA2300E94E40 /* LoginHandler.swift in Sources */ = {isa = PBXBuildFile; fileRef = 65F6CFD52B12EA2300E94E40 /* LoginHandler.swift */; };
		65F6CFDA2B13020300E94E40 /* GoogleSignInHandler.swift in Sources */ = {isa = PBXBuildFile; fileRef = 65F6CFD92B13020300E94E40 /* GoogleSignInHandler.swift */; };
/* End PBXBuildFile section */

/* Begin PBXFileReference section */
		6500413E2B3F985E00122C77 /* FacebookSignInHandler.swift */ = {isa = PBXFileReference; lastKnownFileType = sourcecode.swift; path = FacebookSignInHandler.swift; sourceTree = "<group>"; };
		650041402B3FA2DC00122C77 /* AppDelegate.swift */ = {isa = PBXFileReference; lastKnownFileType = sourcecode.swift; path = AppDelegate.swift; sourceTree = "<group>"; };
		650041442B3FDA1B00122C77 /* LeaderboardFields.graphql.swift */ = {isa = PBXFileReference; fileEncoding = 4; lastKnownFileType = sourcecode.swift; path = LeaderboardFields.graphql.swift; sourceTree = "<group>"; };
		650041472B3FDA1B00122C77 /* CombineOAuthAccountsMutation.graphql.swift */ = {isa = PBXFileReference; fileEncoding = 4; lastKnownFileType = sourcecode.swift; path = CombineOAuthAccountsMutation.graphql.swift; sourceTree = "<group>"; };
		650041482B3FDA1B00122C77 /* DeleteAccountMutation.graphql.swift */ = {isa = PBXFileReference; fileEncoding = 4; lastKnownFileType = sourcecode.swift; path = DeleteAccountMutation.graphql.swift; sourceTree = "<group>"; };
		650041492B3FDA1B00122C77 /* LoginOrCreateUserMutation.graphql.swift */ = {isa = PBXFileReference; fileEncoding = 4; lastKnownFileType = sourcecode.swift; path = LoginOrCreateUserMutation.graphql.swift; sourceTree = "<group>"; };
		6500414A2B3FDA1B00122C77 /* EditUserMutation.graphql.swift */ = {isa = PBXFileReference; fileEncoding = 4; lastKnownFileType = sourcecode.swift; path = EditUserMutation.graphql.swift; sourceTree = "<group>"; };
		6500414B2B3FDA1B00122C77 /* CreateInviteKeyMutation.graphql.swift */ = {isa = PBXFileReference; fileEncoding = 4; lastKnownFileType = sourcecode.swift; path = CreateInviteKeyMutation.graphql.swift; sourceTree = "<group>"; };
		6500414C2B3FDA1B00122C77 /* CreateUserProfilePictureUploadUrlMutation.graphql.swift */ = {isa = PBXFileReference; fileEncoding = 4; lastKnownFileType = sourcecode.swift; path = CreateUserProfilePictureUploadUrlMutation.graphql.swift; sourceTree = "<group>"; };
		6500414D2B3FDA1B00122C77 /* CreateRunRecordUploadUrlMutation.graphql.swift */ = {isa = PBXFileReference; fileEncoding = 4; lastKnownFileType = sourcecode.swift; path = CreateRunRecordUploadUrlMutation.graphql.swift; sourceTree = "<group>"; };
		6500414E2B3FDA1B00122C77 /* SubmitInviteKeyMutation.graphql.swift */ = {isa = PBXFileReference; fileEncoding = 4; lastKnownFileType = sourcecode.swift; path = SubmitInviteKeyMutation.graphql.swift; sourceTree = "<group>"; };
		650041502B3FDA1B00122C77 /* GetUploadedLogsQuery.graphql.swift */ = {isa = PBXFileReference; fileEncoding = 4; lastKnownFileType = sourcecode.swift; path = GetUploadedLogsQuery.graphql.swift; sourceTree = "<group>"; };
		650041512B3FDA1B00122C77 /* GetLogsQuery.graphql.swift */ = {isa = PBXFileReference; fileEncoding = 4; lastKnownFileType = sourcecode.swift; path = GetLogsQuery.graphql.swift; sourceTree = "<group>"; };
		650041522B3FDA1B00122C77 /* GetProfileInformationQuery.graphql.swift */ = {isa = PBXFileReference; fileEncoding = 4; lastKnownFileType = sourcecode.swift; path = GetProfileInformationQuery.graphql.swift; sourceTree = "<group>"; };
		650041532B3FDA1B00122C77 /* GetAllLeaderboardsQuery.graphql.swift */ = {isa = PBXFileReference; fileEncoding = 4; lastKnownFileType = sourcecode.swift; path = GetAllLeaderboardsQuery.graphql.swift; sourceTree = "<group>"; };
		650041542B3FDA1B00122C77 /* GetSpecificLeaderboardQuery.graphql.swift */ = {isa = PBXFileReference; fileEncoding = 4; lastKnownFileType = sourcecode.swift; path = GetSpecificLeaderboardQuery.graphql.swift; sourceTree = "<group>"; };
		650041552B3FDA1B00122C77 /* GetOAuthLoginsQuery.graphql.swift */ = {isa = PBXFileReference; fileEncoding = 4; lastKnownFileType = sourcecode.swift; path = GetOAuthLoginsQuery.graphql.swift; sourceTree = "<group>"; };
		650041582B3FDA1B00122C77 /* OAuthType.graphql.swift */ = {isa = PBXFileReference; fileEncoding = 4; lastKnownFileType = sourcecode.swift; path = OAuthType.graphql.swift; sourceTree = "<group>"; };
		650041592B3FDA1B00122C77 /* MeasurementSystem.graphql.swift */ = {isa = PBXFileReference; fileEncoding = 4; lastKnownFileType = sourcecode.swift; path = MeasurementSystem.graphql.swift; sourceTree = "<group>"; };
		6500415A2B3FDA1B00122C77 /* LeaderboardSort.graphql.swift */ = {isa = PBXFileReference; fileEncoding = 4; lastKnownFileType = sourcecode.swift; path = LeaderboardSort.graphql.swift; sourceTree = "<group>"; };
		6500415B2B3FDA1B00122C77 /* Timeframe.graphql.swift */ = {isa = PBXFileReference; fileEncoding = 4; lastKnownFileType = sourcecode.swift; path = Timeframe.graphql.swift; sourceTree = "<group>"; };
		6500415C2B3FDA1B00122C77 /* LogDetailType.graphql.swift */ = {isa = PBXFileReference; fileEncoding = 4; lastKnownFileType = sourcecode.swift; path = LogDetailType.graphql.swift; sourceTree = "<group>"; };
		6500415E2B3FDA1B00122C77 /* User.graphql.swift */ = {isa = PBXFileReference; fileEncoding = 4; lastKnownFileType = sourcecode.swift; path = User.graphql.swift; sourceTree = "<group>"; };
		6500415F2B3FDA1B00122C77 /* Log.graphql.swift */ = {isa = PBXFileReference; fileEncoding = 4; lastKnownFileType = sourcecode.swift; path = Log.graphql.swift; sourceTree = "<group>"; };
		650041602B3FDA1B00122C77 /* Mutation.graphql.swift */ = {isa = PBXFileReference; fileEncoding = 4; lastKnownFileType = sourcecode.swift; path = Mutation.graphql.swift; sourceTree = "<group>"; };
		650041612B3FDA1B00122C77 /* OAuthTypeCorrelation.graphql.swift */ = {isa = PBXFileReference; fileEncoding = 4; lastKnownFileType = sourcecode.swift; path = OAuthTypeCorrelation.graphql.swift; sourceTree = "<group>"; };
		650041622B3FDA1B00122C77 /* Query.graphql.swift */ = {isa = PBXFileReference; fileEncoding = 4; lastKnownFileType = sourcecode.swift; path = Query.graphql.swift; sourceTree = "<group>"; };
		650041632B3FDA1B00122C77 /* LogDetail.graphql.swift */ = {isa = PBXFileReference; fileEncoding = 4; lastKnownFileType = sourcecode.swift; path = LogDetail.graphql.swift; sourceTree = "<group>"; };
		650041642B3FDA1B00122C77 /* UserStats.graphql.swift */ = {isa = PBXFileReference; fileEncoding = 4; lastKnownFileType = sourcecode.swift; path = UserStats.graphql.swift; sourceTree = "<group>"; };
		650041652B3FDA1B00122C77 /* AuthorizationToken.graphql.swift */ = {isa = PBXFileReference; fileEncoding = 4; lastKnownFileType = sourcecode.swift; path = AuthorizationToken.graphql.swift; sourceTree = "<group>"; };
		650041662B3FDA1B00122C77 /* SchemaConfiguration.swift */ = {isa = PBXFileReference; fileEncoding = 4; lastKnownFileType = sourcecode.swift; path = SchemaConfiguration.swift; sourceTree = "<group>"; };
		650041682B3FDA1B00122C77 /* OAuthTypeCorrelationInput.graphql.swift */ = {isa = PBXFileReference; fileEncoding = 4; lastKnownFileType = sourcecode.swift; path = OAuthTypeCorrelationInput.graphql.swift; sourceTree = "<group>"; };
		650041692B3FDA1B00122C77 /* DeleteUserOptions.graphql.swift */ = {isa = PBXFileReference; fileEncoding = 4; lastKnownFileType = sourcecode.swift; path = DeleteUserOptions.graphql.swift; sourceTree = "<group>"; };
		6500416A2B3FDA1B00122C77 /* UserDataPair.graphql.swift */ = {isa = PBXFileReference; fileEncoding = 4; lastKnownFileType = sourcecode.swift; path = UserDataPair.graphql.swift; sourceTree = "<group>"; };
		6500416B2B3FDA1B00122C77 /* InvalidateTokenOption.graphql.swift */ = {isa = PBXFileReference; fileEncoding = 4; lastKnownFileType = sourcecode.swift; path = InvalidateTokenOption.graphql.swift; sourceTree = "<group>"; };
		6500416C2B3FDA1B00122C77 /* SchemaMetadata.graphql.swift */ = {isa = PBXFileReference; fileEncoding = 4; lastKnownFileType = sourcecode.swift; path = SchemaMetadata.graphql.swift; sourceTree = "<group>"; };
		6500416D2B3FDA1B00122C77 /* ApolloGeneratedGraphQL.graphql.swift */ = {isa = PBXFileReference; fileEncoding = 4; lastKnownFileType = sourcecode.swift; path = ApolloGeneratedGraphQL.graphql.swift; sourceTree = "<group>"; };
		6529A82E2B1669C300FF455E /* FullLifetimeSummaryView.swift */ = {isa = PBXFileReference; lastKnownFileType = sourcecode.swift; path = FullLifetimeSummaryView.swift; sourceTree = "<group>"; };
		6529A8312B1785DF00FF455E /* FolderConnectionView.swift */ = {isa = PBXFileReference; lastKnownFileType = sourcecode.swift; path = FolderConnectionView.swift; sourceTree = "<group>"; };
		6529A8332B17EBF300FF455E /* EditProfileView.swift */ = {isa = PBXFileReference; lastKnownFileType = sourcecode.swift; path = EditProfileView.swift; sourceTree = "<group>"; };
		6529A8352B17EC1000FF455E /* NotificationSettingsView.swift */ = {isa = PBXFileReference; lastKnownFileType = sourcecode.swift; path = NotificationSettingsView.swift; sourceTree = "<group>"; };
		6529A83B2B190ECF00FF455E /* GeneralSettingsView.swift */ = {isa = PBXFileReference; lastKnownFileType = sourcecode.swift; path = GeneralSettingsView.swift; sourceTree = "<group>"; };
		6529A83D2B1AE5F500FF455E /* EditProfileHandler.swift */ = {isa = PBXFileReference; lastKnownFileType = sourcecode.swift; path = EditProfileHandler.swift; sourceTree = "<group>"; };
		6529A83F2B1AECCC00FF455E /* InvitationKeyView.swift */ = {isa = PBXFileReference; lastKnownFileType = sourcecode.swift; path = InvitationKeyView.swift; sourceTree = "<group>"; };
		653404902B24E51D00614C59 /* TopLeadersForCategoryView.swift */ = {isa = PBXFileReference; lastKnownFileType = sourcecode.swift; path = TopLeadersForCategoryView.swift; sourceTree = "<group>"; };
		653404922B24E96800614C59 /* LeaderAttributes.swift */ = {isa = PBXFileReference; lastKnownFileType = sourcecode.swift; path = LeaderAttributes.swift; sourceTree = "<group>"; };
		653404942B257E7700614C59 /* AllLeadersForCategoryView.swift */ = {isa = PBXFileReference; lastKnownFileType = sourcecode.swift; path = AllLeadersForCategoryView.swift; sourceTree = "<group>"; };
		653404992B26838D00614C59 /* FolderConnectionHandler.swift */ = {isa = PBXFileReference; lastKnownFileType = sourcecode.swift; path = FolderConnectionHandler.swift; sourceTree = "<group>"; };
		653404A12B26CD1900614C59 /* FolderConnectionHandler+ErrorAlerts.swift */ = {isa = PBXFileReference; lastKnownFileType = sourcecode.swift; path = "FolderConnectionHandler+ErrorAlerts.swift"; sourceTree = "<group>"; };
		653404A42B26CFC100614C59 /* FileUploadProgressView.swift */ = {isa = PBXFileReference; lastKnownFileType = sourcecode.swift; path = FileUploadProgressView.swift; sourceTree = "<group>"; };
		653404A82B27A86F00614C59 /* AutoUploadView.swift */ = {isa = PBXFileReference; lastKnownFileType = sourcecode.swift; path = AutoUploadView.swift; sourceTree = "<group>"; };
		653404AA2B27F2D600614C59 /* NotificationsHandler.swift */ = {isa = PBXFileReference; lastKnownFileType = sourcecode.swift; path = NotificationsHandler.swift; sourceTree = "<group>"; };
		6573BA1A2B282B8D00381085 /* AppleSignInHandler.swift */ = {isa = PBXFileReference; lastKnownFileType = sourcecode.swift; path = AppleSignInHandler.swift; sourceTree = "<group>"; };
		6573BA1C2B28312000381085 /* Lynx-SwiftUI.entitlements */ = {isa = PBXFileReference; lastKnownFileType = text.plist.entitlements; path = "Lynx-SwiftUI.entitlements"; sourceTree = "<group>"; };
		659FAEE42B3748770027E795 /* GetSpecificLeaderboard.graphql */ = {isa = PBXFileReference; lastKnownFileType = text; path = GetSpecificLeaderboard.graphql; sourceTree = "<group>"; };
		65A518CE2B2D38BF00A06014 /* PreviewSampleProfile.swift */ = {isa = PBXFileReference; lastKnownFileType = sourcecode.swift; path = PreviewSampleProfile.swift; sourceTree = "<group>"; };
		65B35E8C2B118C17002E99E4 /* Lynx-SwiftUI.app */ = {isa = PBXFileReference; explicitFileType = wrapper.application; includeInIndex = 0; path = "Lynx-SwiftUI.app"; sourceTree = BUILT_PRODUCTS_DIR; };
		65B35E8F2B118C17002E99E4 /* Lynx_SwiftUIApp.swift */ = {isa = PBXFileReference; lastKnownFileType = sourcecode.swift; path = Lynx_SwiftUIApp.swift; sourceTree = "<group>"; };
		65B35E932B118C18002E99E4 /* Assets.xcassets */ = {isa = PBXFileReference; lastKnownFileType = folder.assetcatalog; path = Assets.xcassets; sourceTree = "<group>"; };
		65B35E962B118C18002E99E4 /* Preview Assets.xcassets */ = {isa = PBXFileReference; lastKnownFileType = folder.assetcatalog; path = "Preview Assets.xcassets"; sourceTree = "<group>"; };
		65B35EA02B11931E002E99E4 /* HomeView.swift */ = {isa = PBXFileReference; lastKnownFileType = sourcecode.swift; path = HomeView.swift; sourceTree = "<group>"; };
		65B35EA22B1193B7002E99E4 /* LogbookView.swift */ = {isa = PBXFileReference; lastKnownFileType = sourcecode.swift; path = LogbookView.swift; sourceTree = "<group>"; };
		65B35EA42B1193C1002E99E4 /* LeaderboardView.swift */ = {isa = PBXFileReference; lastKnownFileType = sourcecode.swift; path = LeaderboardView.swift; sourceTree = "<group>"; };
		65B35EA62B1193CC002E99E4 /* AccountView.swift */ = {isa = PBXFileReference; lastKnownFileType = sourcecode.swift; path = AccountView.swift; sourceTree = "<group>"; };
		65B35EAD2B1198B1002E99E4 /* ProfileSummaryView.swift */ = {isa = PBXFileReference; lastKnownFileType = sourcecode.swift; path = ProfileSummaryView.swift; sourceTree = "<group>"; };
		65B35EAF2B119BB8002E99E4 /* LifetimeDetailsView.swift */ = {isa = PBXFileReference; lastKnownFileType = sourcecode.swift; path = LifetimeDetailsView.swift; sourceTree = "<group>"; };
		65B35EB12B11A1C5002E99E4 /* LoginView.swift */ = {isa = PBXFileReference; lastKnownFileType = sourcecode.swift; path = LoginView.swift; sourceTree = "<group>"; };
		65B35EB62B11BE0B002E99E4 /* schema.graphql */ = {isa = PBXFileReference; fileEncoding = 4; lastKnownFileType = text; path = schema.graphql; sourceTree = "<group>"; };
		65B35EB72B11BE0B002E99E4 /* apollo-ios-cli */ = {isa = PBXFileReference; lastKnownFileType = "compiled.mach-o.executable"; path = "apollo-ios-cli"; sourceTree = "<group>"; };
		65B35EB92B11BE0B002E99E4 /* ApolloLynxClient.swift */ = {isa = PBXFileReference; fileEncoding = 4; lastKnownFileType = sourcecode.swift; path = ApolloLynxClient.swift; sourceTree = "<group>"; };
		65B35EBA2B11BE0B002E99E4 /* UserManager.swift */ = {isa = PBXFileReference; fileEncoding = 4; lastKnownFileType = sourcecode.swift; path = UserManager.swift; sourceTree = "<group>"; };
		65B35EBB2B11BE0B002E99E4 /* ResponseLoggingInterceptor.swift */ = {isa = PBXFileReference; fileEncoding = 4; lastKnownFileType = sourcecode.swift; path = ResponseLoggingInterceptor.swift; sourceTree = "<group>"; };
		65B35EBC2B11BE0B002E99E4 /* RequestLoggingInterceptor.swift */ = {isa = PBXFileReference; fileEncoding = 4; lastKnownFileType = sourcecode.swift; path = RequestLoggingInterceptor.swift; sourceTree = "<group>"; };
		65B35EBD2B11BE0B002E99E4 /* UserManagementInterceptor.swift */ = {isa = PBXFileReference; fileEncoding = 4; lastKnownFileType = sourcecode.swift; path = UserManagementInterceptor.swift; sourceTree = "<group>"; };
		65B35EBE2B11BE0B002E99E4 /* UserError.swift */ = {isa = PBXFileReference; fileEncoding = 4; lastKnownFileType = sourcecode.swift; path = UserError.swift; sourceTree = "<group>"; };
		65B35EBF2B11BE0B002E99E4 /* NetworkInterceptorProvider.swift */ = {isa = PBXFileReference; fileEncoding = 4; lastKnownFileType = sourcecode.swift; path = NetworkInterceptorProvider.swift; sourceTree = "<group>"; };
		65B35EC22B11BE0B002E99E4 /* CreateInviteKey.graphql */ = {isa = PBXFileReference; fileEncoding = 4; lastKnownFileType = text; path = CreateInviteKey.graphql; sourceTree = "<group>"; };
		65B35EC32B11BE0B002E99E4 /* CreateUserProfilePictureUploadUrl.graphql */ = {isa = PBXFileReference; fileEncoding = 4; lastKnownFileType = text; path = CreateUserProfilePictureUploadUrl.graphql; sourceTree = "<group>"; };
		65B35EC42B11BE0B002E99E4 /* DeleteAccount.graphql */ = {isa = PBXFileReference; fileEncoding = 4; lastKnownFileType = text; path = DeleteAccount.graphql; sourceTree = "<group>"; };
		65B35EC52B11BE0B002E99E4 /* CreateRunRecordUploadUrl.graphql */ = {isa = PBXFileReference; fileEncoding = 4; lastKnownFileType = text; path = CreateRunRecordUploadUrl.graphql; sourceTree = "<group>"; };
		65B35EC62B11BE0B002E99E4 /* MergeAccounts.graphql */ = {isa = PBXFileReference; fileEncoding = 4; lastKnownFileType = text; path = MergeAccounts.graphql; sourceTree = "<group>"; };
		65B35EC72B11BE0B002E99E4 /* LoginOrCreateUser.graphql */ = {isa = PBXFileReference; fileEncoding = 4; lastKnownFileType = text; path = LoginOrCreateUser.graphql; sourceTree = "<group>"; };
		65B35EC82B11BE0B002E99E4 /* EditUser.graphql */ = {isa = PBXFileReference; fileEncoding = 4; lastKnownFileType = text; path = EditUser.graphql; sourceTree = "<group>"; };
		65B35EC92B11BE0B002E99E4 /* SubmitInviteKey.graphql */ = {isa = PBXFileReference; fileEncoding = 4; lastKnownFileType = text; path = SubmitInviteKey.graphql; sourceTree = "<group>"; };
		65B35ECB2B11BE0B002E99E4 /* GetProfileInformation.graphql */ = {isa = PBXFileReference; fileEncoding = 4; lastKnownFileType = text; path = GetProfileInformation.graphql; sourceTree = "<group>"; };
		65B35ECC2B11BE0B002E99E4 /* GetAllLeaderboards.graphql */ = {isa = PBXFileReference; fileEncoding = 4; lastKnownFileType = text; path = GetAllLeaderboards.graphql; sourceTree = "<group>"; };
		65B35ECD2B11BE0B002E99E4 /* GetOAuthLogins.graphql */ = {isa = PBXFileReference; fileEncoding = 4; lastKnownFileType = text; path = GetOAuthLogins.graphql; sourceTree = "<group>"; };
		65B35ECF2B11BE0B002E99E4 /* GetUploadedLogs.graphql */ = {isa = PBXFileReference; fileEncoding = 4; lastKnownFileType = text; path = GetUploadedLogs.graphql; sourceTree = "<group>"; };
		65B35ED02B11BE0B002E99E4 /* GetLogs.graphql */ = {isa = PBXFileReference; fileEncoding = 4; lastKnownFileType = text; path = GetLogs.graphql; sourceTree = "<group>"; };
		65B35ED12B11BE0B002E99E4 /* apollo-codegen-config.json */ = {isa = PBXFileReference; fileEncoding = 4; lastKnownFileType = text.json; path = "apollo-codegen-config.json"; sourceTree = "<group>"; };
		65B35F2D2B11BF1D002E99E4 /* NetworkManager.swift */ = {isa = PBXFileReference; fileEncoding = 4; lastKnownFileType = sourcecode.swift; path = NetworkManager.swift; sourceTree = "<group>"; };
		65B35F312B11BF4B002E99E4 /* Extensions.swift */ = {isa = PBXFileReference; lastKnownFileType = sourcecode.swift; path = Extensions.swift; sourceTree = "<group>"; };
		65B35F8D2B11C1E0002E99E4 /* Profile.swift */ = {isa = PBXFileReference; fileEncoding = 4; lastKnownFileType = sourcecode.swift; path = Profile.swift; sourceTree = "<group>"; };
		65B35F8F2B11C2A0002E99E4 /* BookmarkManager.swift */ = {isa = PBXFileReference; fileEncoding = 4; lastKnownFileType = sourcecode.swift; path = BookmarkManager.swift; sourceTree = "<group>"; };
		65B39A642B13E61100948C9D /* ProfileManager.swift */ = {isa = PBXFileReference; lastKnownFileType = sourcecode.swift; path = ProfileManager.swift; sourceTree = "<group>"; };
		65B39A662B13FD0500948C9D /* LogbookStats.swift */ = {isa = PBXFileReference; fileEncoding = 4; lastKnownFileType = sourcecode.swift; path = LogbookStats.swift; sourceTree = "<group>"; };
		65D59FE32B2ECE16008E3A2B /* KeychainManager.swift */ = {isa = PBXFileReference; lastKnownFileType = sourcecode.swift; path = KeychainManager.swift; sourceTree = "<group>"; };
		65F6CFD52B12EA2300E94E40 /* LoginHandler.swift */ = {isa = PBXFileReference; lastKnownFileType = sourcecode.swift; path = LoginHandler.swift; sourceTree = "<group>"; };
		65F6CFD92B13020300E94E40 /* GoogleSignInHandler.swift */ = {isa = PBXFileReference; lastKnownFileType = sourcecode.swift; path = GoogleSignInHandler.swift; sourceTree = "<group>"; };
		65F6CFDB2B1305F300E94E40 /* Info.plist */ = {isa = PBXFileReference; lastKnownFileType = text.plist; path = Info.plist; sourceTree = "<group>"; };
/* End PBXFileReference section */

/* Begin PBXFrameworksBuildPhase section */
		65B35E892B118C17002E99E4 /* Frameworks */ = {
			isa = PBXFrameworksBuildPhase;
			buildActionMask = 2147483647;
			files = (
				650041A72B3FDEC200122C77 /* FacebookLogin in Frameworks */,
				650041A32B3FDEC200122C77 /* FacebookCore in Frameworks */,
				65B35F2B2B11BEA1002E99E4 /* GoogleSignInSwift in Frameworks */,
				650041A12B3FDEC200122C77 /* FacebookBasics in Frameworks */,
				65B35F352B11BFE2002E99E4 /* Apollo in Frameworks */,
				65B35F292B11BEA1002E99E4 /* GoogleSignIn in Frameworks */,
			);
			runOnlyForDeploymentPostprocessing = 0;
		};
/* End PBXFrameworksBuildPhase section */

/* Begin PBXGroup section */
		650041422B3FDA1B00122C77 /* ApolloGeneratedGraphQL */ = {
			isa = PBXGroup;
			children = (
				650041432B3FDA1B00122C77 /* Fragments */,
				650041452B3FDA1B00122C77 /* Operations */,
				650041562B3FDA1B00122C77 /* Schema */,
				6500416D2B3FDA1B00122C77 /* ApolloGeneratedGraphQL.graphql.swift */,
			);
			path = ApolloGeneratedGraphQL;
			sourceTree = "<group>";
		};
		650041432B3FDA1B00122C77 /* Fragments */ = {
			isa = PBXGroup;
			children = (
				650041442B3FDA1B00122C77 /* LeaderboardFields.graphql.swift */,
			);
			path = Fragments;
			sourceTree = "<group>";
		};
		650041452B3FDA1B00122C77 /* Operations */ = {
			isa = PBXGroup;
			children = (
				650041462B3FDA1B00122C77 /* Mutations */,
				6500414F2B3FDA1B00122C77 /* Queries */,
			);
			path = Operations;
			sourceTree = "<group>";
		};
		650041462B3FDA1B00122C77 /* Mutations */ = {
			isa = PBXGroup;
			children = (
				650041472B3FDA1B00122C77 /* CombineOAuthAccountsMutation.graphql.swift */,
				650041482B3FDA1B00122C77 /* DeleteAccountMutation.graphql.swift */,
				650041492B3FDA1B00122C77 /* LoginOrCreateUserMutation.graphql.swift */,
				6500414A2B3FDA1B00122C77 /* EditUserMutation.graphql.swift */,
				6500414B2B3FDA1B00122C77 /* CreateInviteKeyMutation.graphql.swift */,
				6500414C2B3FDA1B00122C77 /* CreateUserProfilePictureUploadUrlMutation.graphql.swift */,
				6500414D2B3FDA1B00122C77 /* CreateRunRecordUploadUrlMutation.graphql.swift */,
				6500414E2B3FDA1B00122C77 /* SubmitInviteKeyMutation.graphql.swift */,
			);
			path = Mutations;
			sourceTree = "<group>";
		};
		6500414F2B3FDA1B00122C77 /* Queries */ = {
			isa = PBXGroup;
			children = (
				650041502B3FDA1B00122C77 /* GetUploadedLogsQuery.graphql.swift */,
				650041512B3FDA1B00122C77 /* GetLogsQuery.graphql.swift */,
				650041522B3FDA1B00122C77 /* GetProfileInformationQuery.graphql.swift */,
				650041532B3FDA1B00122C77 /* GetAllLeaderboardsQuery.graphql.swift */,
				650041542B3FDA1B00122C77 /* GetSpecificLeaderboardQuery.graphql.swift */,
				650041552B3FDA1B00122C77 /* GetOAuthLoginsQuery.graphql.swift */,
			);
			path = Queries;
			sourceTree = "<group>";
		};
		650041562B3FDA1B00122C77 /* Schema */ = {
			isa = PBXGroup;
			children = (
				650041572B3FDA1B00122C77 /* Enums */,
				6500415D2B3FDA1B00122C77 /* Objects */,
				650041662B3FDA1B00122C77 /* SchemaConfiguration.swift */,
				650041672B3FDA1B00122C77 /* InputObjects */,
				6500416C2B3FDA1B00122C77 /* SchemaMetadata.graphql.swift */,
			);
			path = Schema;
			sourceTree = "<group>";
		};
		650041572B3FDA1B00122C77 /* Enums */ = {
			isa = PBXGroup;
			children = (
				650041582B3FDA1B00122C77 /* OAuthType.graphql.swift */,
				650041592B3FDA1B00122C77 /* MeasurementSystem.graphql.swift */,
				6500415A2B3FDA1B00122C77 /* LeaderboardSort.graphql.swift */,
				6500415B2B3FDA1B00122C77 /* Timeframe.graphql.swift */,
				6500415C2B3FDA1B00122C77 /* LogDetailType.graphql.swift */,
			);
			path = Enums;
			sourceTree = "<group>";
		};
		6500415D2B3FDA1B00122C77 /* Objects */ = {
			isa = PBXGroup;
			children = (
				6500415E2B3FDA1B00122C77 /* User.graphql.swift */,
				6500415F2B3FDA1B00122C77 /* Log.graphql.swift */,
				650041602B3FDA1B00122C77 /* Mutation.graphql.swift */,
				650041612B3FDA1B00122C77 /* OAuthTypeCorrelation.graphql.swift */,
				650041622B3FDA1B00122C77 /* Query.graphql.swift */,
				650041632B3FDA1B00122C77 /* LogDetail.graphql.swift */,
				650041642B3FDA1B00122C77 /* UserStats.graphql.swift */,
				650041652B3FDA1B00122C77 /* AuthorizationToken.graphql.swift */,
			);
			path = Objects;
			sourceTree = "<group>";
		};
		650041672B3FDA1B00122C77 /* InputObjects */ = {
			isa = PBXGroup;
			children = (
				650041682B3FDA1B00122C77 /* OAuthTypeCorrelationInput.graphql.swift */,
				650041692B3FDA1B00122C77 /* DeleteUserOptions.graphql.swift */,
				6500416A2B3FDA1B00122C77 /* UserDataPair.graphql.swift */,
				6500416B2B3FDA1B00122C77 /* InvalidateTokenOption.graphql.swift */,
			);
			path = InputObjects;
			sourceTree = "<group>";
		};
		6529A8302B17859C00FF455E /* FolderConnection */ = {
			isa = PBXGroup;
			children = (
				6529A8312B1785DF00FF455E /* FolderConnectionView.swift */,
				653404A42B26CFC100614C59 /* FileUploadProgressView.swift */,
				653404A82B27A86F00614C59 /* AutoUploadView.swift */,
			);
			path = FolderConnection;
			sourceTree = "<group>";
		};
		653404A32B26CFA100614C59 /* FolderConnection */ = {
			isa = PBXGroup;
			children = (
				653404992B26838D00614C59 /* FolderConnectionHandler.swift */,
				653404A12B26CD1900614C59 /* FolderConnectionHandler+ErrorAlerts.swift */,
			);
			path = FolderConnection;
			sourceTree = "<group>";
		};
		65A518CD2B2D386C00A06014 /* Support */ = {
			isa = PBXGroup;
			children = (
				65A518CE2B2D38BF00A06014 /* PreviewSampleProfile.swift */,
			);
			path = Support;
			sourceTree = "<group>";
		};
		65B35E832B118C17002E99E4 = {
			isa = PBXGroup;
			children = (
				65B35E8E2B118C17002E99E4 /* Lynx-SwiftUI */,
				65B35E8D2B118C17002E99E4 /* Products */,
			);
			sourceTree = "<group>";
		};
		65B35E8D2B118C17002E99E4 /* Products */ = {
			isa = PBXGroup;
			children = (
				65B35E8C2B118C17002E99E4 /* Lynx-SwiftUI.app */,
			);
			name = Products;
			sourceTree = "<group>";
		};
		65B35E8E2B118C17002E99E4 /* Lynx-SwiftUI */ = {
			isa = PBXGroup;
			children = (
				6573BA1C2B28312000381085 /* Lynx-SwiftUI.entitlements */,
				65F6CFDB2B1305F300E94E40 /* Info.plist */,
				65B35EB82B11BE0B002E99E4 /* Apollo */,
				650041422B3FDA1B00122C77 /* ApolloGeneratedGraphQL */,
				65B35EC02B11BE0B002E99E4 /* GraphQLOperations */,
				65B35ED12B11BE0B002E99E4 /* apollo-codegen-config.json */,
				65B35EB72B11BE0B002E99E4 /* apollo-ios-cli */,
				65B35EB62B11BE0B002E99E4 /* schema.graphql */,
				65B35E9D2B1192D8002E99E4 /* Models */,
				65B35E9E2B1192F3002E99E4 /* Views */,
				65B35E9F2B1192FD002E99E4 /* ViewModels */,
				65B35F2C2B11BEFF002E99E4 /* Utils */,
				65A518CD2B2D386C00A06014 /* Support */,
				65B35E8F2B118C17002E99E4 /* Lynx_SwiftUIApp.swift */,
				650041402B3FA2DC00122C77 /* AppDelegate.swift */,
				65B35E932B118C18002E99E4 /* Assets.xcassets */,
				65B35E952B118C18002E99E4 /* Preview Content */,
			);
			path = "Lynx-SwiftUI";
			sourceTree = "<group>";
		};
		65B35E952B118C18002E99E4 /* Preview Content */ = {
			isa = PBXGroup;
			children = (
				65B35E962B118C18002E99E4 /* Preview Assets.xcassets */,
			);
			path = "Preview Content";
			sourceTree = "<group>";
		};
		65B35E9D2B1192D8002E99E4 /* Models */ = {
			isa = PBXGroup;
			children = (
				65B35F8D2B11C1E0002E99E4 /* Profile.swift */,
				65B35F8F2B11C2A0002E99E4 /* BookmarkManager.swift */,
				653404922B24E96800614C59 /* LeaderAttributes.swift */,
			);
			path = Models;
			sourceTree = "<group>";
		};
		65B35E9E2B1192F3002E99E4 /* Views */ = {
			isa = PBXGroup;
			children = (
				65B35EB32B11AEA8002E99E4 /* Login */,
				65B35EA82B1193D2002E99E4 /* Logbook */,
				65B35EA92B1193E6002E99E4 /* Leaderboard */,
				65B35EAA2B1193F0002E99E4 /* Account */,
				65B35EA02B11931E002E99E4 /* HomeView.swift */,
			);
			path = Views;
			sourceTree = "<group>";
		};
		65B35E9F2B1192FD002E99E4 /* ViewModels */ = {
			isa = PBXGroup;
			children = (
				65D59FE52B2F84B0008E3A2B /* SignIn */,
				653404A32B26CFA100614C59 /* FolderConnection */,
				65B39A662B13FD0500948C9D /* LogbookStats.swift */,
				6529A83D2B1AE5F500FF455E /* EditProfileHandler.swift */,
				653404AA2B27F2D600614C59 /* NotificationsHandler.swift */,
				65B39A642B13E61100948C9D /* ProfileManager.swift */,
			);
			path = ViewModels;
			sourceTree = "<group>";
		};
		65B35EA82B1193D2002E99E4 /* Logbook */ = {
			isa = PBXGroup;
			children = (
				6529A8302B17859C00FF455E /* FolderConnection */,
				65B35EA22B1193B7002E99E4 /* LogbookView.swift */,
				65B35EAD2B1198B1002E99E4 /* ProfileSummaryView.swift */,
				65B35EAF2B119BB8002E99E4 /* LifetimeDetailsView.swift */,
				6529A82E2B1669C300FF455E /* FullLifetimeSummaryView.swift */,
			);
			path = Logbook;
			sourceTree = "<group>";
		};
		65B35EA92B1193E6002E99E4 /* Leaderboard */ = {
			isa = PBXGroup;
			children = (
				65B35EA42B1193C1002E99E4 /* LeaderboardView.swift */,
				653404902B24E51D00614C59 /* TopLeadersForCategoryView.swift */,
				653404942B257E7700614C59 /* AllLeadersForCategoryView.swift */,
			);
			path = Leaderboard;
			sourceTree = "<group>";
		};
		65B35EAA2B1193F0002E99E4 /* Account */ = {
			isa = PBXGroup;
			children = (
				65B35EA62B1193CC002E99E4 /* AccountView.swift */,
				6529A8332B17EBF300FF455E /* EditProfileView.swift */,
				6529A83B2B190ECF00FF455E /* GeneralSettingsView.swift */,
				6529A8352B17EC1000FF455E /* NotificationSettingsView.swift */,
			);
			path = Account;
			sourceTree = "<group>";
		};
		65B35EB32B11AEA8002E99E4 /* Login */ = {
			isa = PBXGroup;
			children = (
				65B35EB12B11A1C5002E99E4 /* LoginView.swift */,
				6529A83F2B1AECCC00FF455E /* InvitationKeyView.swift */,
			);
			path = Login;
			sourceTree = "<group>";
		};
		65B35EB82B11BE0B002E99E4 /* Apollo */ = {
			isa = PBXGroup;
			children = (
				65B35EB92B11BE0B002E99E4 /* ApolloLynxClient.swift */,
				65B35EBA2B11BE0B002E99E4 /* UserManager.swift */,
				65B35EBB2B11BE0B002E99E4 /* ResponseLoggingInterceptor.swift */,
				65B35EBC2B11BE0B002E99E4 /* RequestLoggingInterceptor.swift */,
				65B35EBD2B11BE0B002E99E4 /* UserManagementInterceptor.swift */,
				65B35EBE2B11BE0B002E99E4 /* UserError.swift */,
				65B35EBF2B11BE0B002E99E4 /* NetworkInterceptorProvider.swift */,
			);
			path = Apollo;
			sourceTree = "<group>";
		};
		65B35EC02B11BE0B002E99E4 /* GraphQLOperations */ = {
			isa = PBXGroup;
			children = (
				65B35EC12B11BE0B002E99E4 /* Mutation */,
				65B35ECA2B11BE0B002E99E4 /* Query */,
			);
			path = GraphQLOperations;
			sourceTree = "<group>";
		};
		65B35EC12B11BE0B002E99E4 /* Mutation */ = {
			isa = PBXGroup;
			children = (
				65B35EC22B11BE0B002E99E4 /* CreateInviteKey.graphql */,
				65B35EC32B11BE0B002E99E4 /* CreateUserProfilePictureUploadUrl.graphql */,
				65B35EC42B11BE0B002E99E4 /* DeleteAccount.graphql */,
				65B35EC52B11BE0B002E99E4 /* CreateRunRecordUploadUrl.graphql */,
				65B35EC62B11BE0B002E99E4 /* MergeAccounts.graphql */,
				65B35EC72B11BE0B002E99E4 /* LoginOrCreateUser.graphql */,
				65B35EC82B11BE0B002E99E4 /* EditUser.graphql */,
				65B35EC92B11BE0B002E99E4 /* SubmitInviteKey.graphql */,
			);
			path = Mutation;
			sourceTree = "<group>";
		};
		65B35ECA2B11BE0B002E99E4 /* Query */ = {
			isa = PBXGroup;
			children = (
				65B35ECB2B11BE0B002E99E4 /* GetProfileInformation.graphql */,
				65B35ECC2B11BE0B002E99E4 /* GetAllLeaderboards.graphql */,
				65B35ECD2B11BE0B002E99E4 /* GetOAuthLogins.graphql */,
				65B35ECF2B11BE0B002E99E4 /* GetUploadedLogs.graphql */,
				65B35ED02B11BE0B002E99E4 /* GetLogs.graphql */,
				659FAEE42B3748770027E795 /* GetSpecificLeaderboard.graphql */,
			);
			path = Query;
			sourceTree = "<group>";
		};
		65B35F2C2B11BEFF002E99E4 /* Utils */ = {
			isa = PBXGroup;
			children = (
				65B35F312B11BF4B002E99E4 /* Extensions.swift */,
				65B35F2D2B11BF1D002E99E4 /* NetworkManager.swift */,
				65D59FE32B2ECE16008E3A2B /* KeychainManager.swift */,
			);
			path = Utils;
			sourceTree = "<group>";
		};
		65D59FE52B2F84B0008E3A2B /* SignIn */ = {
			isa = PBXGroup;
			children = (
				65F6CFD52B12EA2300E94E40 /* LoginHandler.swift */,
				65F6CFD92B13020300E94E40 /* GoogleSignInHandler.swift */,
				6573BA1A2B282B8D00381085 /* AppleSignInHandler.swift */,
				6500413E2B3F985E00122C77 /* FacebookSignInHandler.swift */,
			);
			path = SignIn;
			sourceTree = "<group>";
		};
/* End PBXGroup section */

/* Begin PBXNativeTarget section */
		65B35E8B2B118C17002E99E4 /* Lynx-SwiftUI */ = {
			isa = PBXNativeTarget;
			buildConfigurationList = 65B35E9A2B118C18002E99E4 /* Build configuration list for PBXNativeTarget "Lynx-SwiftUI" */;
			buildPhases = (
				65B35E882B118C17002E99E4 /* Sources */,
				65B35E892B118C17002E99E4 /* Frameworks */,
				65B35E8A2B118C17002E99E4 /* Resources */,
			);
			buildRules = (
			);
			dependencies = (
			);
			name = "Lynx-SwiftUI";
			packageProductDependencies = (
				65B35F282B11BEA1002E99E4 /* GoogleSignIn */,
				65B35F2A2B11BEA1002E99E4 /* GoogleSignInSwift */,
				65B35F342B11BFE2002E99E4 /* Apollo */,
				650041A02B3FDEC200122C77 /* FacebookBasics */,
				650041A22B3FDEC200122C77 /* FacebookCore */,
				650041A62B3FDEC200122C77 /* FacebookLogin */,
			);
			productName = "Lynx-SwiftUI";
			productReference = 65B35E8C2B118C17002E99E4 /* Lynx-SwiftUI.app */;
			productType = "com.apple.product-type.application";
		};
/* End PBXNativeTarget section */

/* Begin PBXProject section */
		65B35E842B118C17002E99E4 /* Project object */ = {
			isa = PBXProject;
			attributes = {
				BuildIndependentTargetsInParallel = 1;
				LastSwiftUpdateCheck = 1500;
				LastUpgradeCheck = 1500;
				TargetAttributes = {
					65B35E8B2B118C17002E99E4 = {
						CreatedOnToolsVersion = 15.0.1;
					};
				};
			};
			buildConfigurationList = 65B35E872B118C17002E99E4 /* Build configuration list for PBXProject "Lynx-SwiftUI" */;
			compatibilityVersion = "Xcode 14.0";
			developmentRegion = en;
			hasScannedForEncodings = 0;
			knownRegions = (
				en,
				Base,
			);
			mainGroup = 65B35E832B118C17002E99E4;
			packageReferences = (
				65B35F272B11BEA1002E99E4 /* XCRemoteSwiftPackageReference "GoogleSignIn-iOS" */,
				65B35F332B11BFE2002E99E4 /* XCRemoteSwiftPackageReference "apollo-ios" */,
				652733E52B22D4F40081B2E5 /* XCRemoteSwiftPackageReference "TOCropViewController" */,
				6500419D2B3FDEC200122C77 /* XCRemoteSwiftPackageReference "facebook-ios-sdk" */,
			);
			productRefGroup = 65B35E8D2B118C17002E99E4 /* Products */;
			projectDirPath = "";
			projectRoot = "";
			targets = (
				65B35E8B2B118C17002E99E4 /* Lynx-SwiftUI */,
			);
		};
/* End PBXProject section */

/* Begin PBXResourcesBuildPhase section */
		65B35E8A2B118C17002E99E4 /* Resources */ = {
			isa = PBXResourcesBuildPhase;
			buildActionMask = 2147483647;
			files = (
				65B35F022B11BE0C002E99E4 /* GetAllLeaderboards.graphql in Resources */,
				65B35EF92B11BE0C002E99E4 /* CreateInviteKey.graphql in Resources */,
				65B35E972B118C18002E99E4 /* Preview Assets.xcassets in Resources */,
				65B35F062B11BE0C002E99E4 /* GetLogs.graphql in Resources */,
				65B35EFD2B11BE0C002E99E4 /* MergeAccounts.graphql in Resources */,
				65B35EFF2B11BE0C002E99E4 /* EditUser.graphql in Resources */,
				65B35F002B11BE0C002E99E4 /* SubmitInviteKey.graphql in Resources */,
				65B35EFC2B11BE0C002E99E4 /* CreateRunRecordUploadUrl.graphql in Resources */,
				65B35EFA2B11BE0C002E99E4 /* CreateUserProfilePictureUploadUrl.graphql in Resources */,
				65B35F032B11BE0C002E99E4 /* GetOAuthLogins.graphql in Resources */,
				65B35F072B11BE0C002E99E4 /* apollo-codegen-config.json in Resources */,
				65B35EF02B11BE0B002E99E4 /* schema.graphql in Resources */,
				65B35EFB2B11BE0C002E99E4 /* DeleteAccount.graphql in Resources */,
				65B35EF12B11BE0B002E99E4 /* apollo-ios-cli in Resources */,
				65B35E942B118C18002E99E4 /* Assets.xcassets in Resources */,
				65B35F052B11BE0C002E99E4 /* GetUploadedLogs.graphql in Resources */,
				65B35F012B11BE0C002E99E4 /* GetProfileInformation.graphql in Resources */,
				65B35EFE2B11BE0C002E99E4 /* LoginOrCreateUser.graphql in Resources */,
				659FAEE52B3748770027E795 /* GetSpecificLeaderboard.graphql in Resources */,
			);
			runOnlyForDeploymentPostprocessing = 0;
		};
/* End PBXResourcesBuildPhase section */

/* Begin PBXSourcesBuildPhase section */
		65B35E882B118C17002E99E4 /* Sources */ = {
			isa = PBXSourcesBuildPhase;
			buildActionMask = 2147483647;
			files = (
				65B35EF22B11BE0B002E99E4 /* ApolloLynxClient.swift in Sources */,
				65B35EA52B1193C1002E99E4 /* LeaderboardView.swift in Sources */,
				65B35EF62B11BE0B002E99E4 /* UserManagementInterceptor.swift in Sources */,
				653404952B257E7700614C59 /* AllLeadersForCategoryView.swift in Sources */,
				653404A92B27A86F00614C59 /* AutoUploadView.swift in Sources */,
				650041862B3FDA1B00122C77 /* Query.graphql.swift in Sources */,
				6500417B2B3FDA1B00122C77 /* GetSpecificLeaderboardQuery.graphql.swift in Sources */,
				650041782B3FDA1B00122C77 /* GetLogsQuery.graphql.swift in Sources */,
				6500418D2B3FDA1B00122C77 /* UserDataPair.graphql.swift in Sources */,
				65B35F902B11C2A0002E99E4 /* BookmarkManager.swift in Sources */,
				65B35E902B118C17002E99E4 /* Lynx_SwiftUIApp.swift in Sources */,
				6500416E2B3FDA1B00122C77 /* LeaderboardFields.graphql.swift in Sources */,
				65B35EF42B11BE0B002E99E4 /* ResponseLoggingInterceptor.swift in Sources */,
				6534049A2B26838D00614C59 /* FolderConnectionHandler.swift in Sources */,
				65B35EB22B11A1C5002E99E4 /* LoginView.swift in Sources */,
				65B35F322B11BF4B002E99E4 /* Extensions.swift in Sources */,
				650041722B3FDA1B00122C77 /* EditUserMutation.graphql.swift in Sources */,
				650041702B3FDA1B00122C77 /* DeleteAccountMutation.graphql.swift in Sources */,
				65B39A672B13FD0500948C9D /* LogbookStats.swift in Sources */,
				65F6CFDA2B13020300E94E40 /* GoogleSignInHandler.swift in Sources */,
				65B35EA32B1193B7002E99E4 /* LogbookView.swift in Sources */,
				65B35EF72B11BE0C002E99E4 /* UserError.swift in Sources */,
				6500418E2B3FDA1B00122C77 /* InvalidateTokenOption.graphql.swift in Sources */,
				650041762B3FDA1B00122C77 /* SubmitInviteKeyMutation.graphql.swift in Sources */,
				65B35EF52B11BE0B002E99E4 /* RequestLoggingInterceptor.swift in Sources */,
				650041902B3FDA1B00122C77 /* ApolloGeneratedGraphQL.graphql.swift in Sources */,
				650041752B3FDA1B00122C77 /* CreateRunRecordUploadUrlMutation.graphql.swift in Sources */,
				6500417F2B3FDA1B00122C77 /* LeaderboardSort.graphql.swift in Sources */,
				65D59FE42B2ECE16008E3A2B /* KeychainManager.swift in Sources */,
				650041892B3FDA1B00122C77 /* AuthorizationToken.graphql.swift in Sources */,
				6529A8362B17EC1000FF455E /* NotificationSettingsView.swift in Sources */,
				6529A83C2B190ECF00FF455E /* GeneralSettingsView.swift in Sources */,
				650041802B3FDA1B00122C77 /* Timeframe.graphql.swift in Sources */,
				6500417D2B3FDA1B00122C77 /* OAuthType.graphql.swift in Sources */,
				6529A8322B1785DF00FF455E /* FolderConnectionView.swift in Sources */,
				650041832B3FDA1B00122C77 /* Log.graphql.swift in Sources */,
				650041852B3FDA1B00122C77 /* OAuthTypeCorrelation.graphql.swift in Sources */,
				650041812B3FDA1B00122C77 /* LogDetailType.graphql.swift in Sources */,
				6573BA1B2B282B8D00381085 /* AppleSignInHandler.swift in Sources */,
				6500413F2B3F985E00122C77 /* FacebookSignInHandler.swift in Sources */,
				6500417A2B3FDA1B00122C77 /* GetAllLeaderboardsQuery.graphql.swift in Sources */,
				65B35F2F2B11BF1D002E99E4 /* NetworkManager.swift in Sources */,
				650041732B3FDA1B00122C77 /* CreateInviteKeyMutation.graphql.swift in Sources */,
				653404AB2B27F2D600614C59 /* NotificationsHandler.swift in Sources */,
				6529A83E2B1AE5F500FF455E /* EditProfileHandler.swift in Sources */,
				65A518CF2B2D38BF00A06014 /* PreviewSampleProfile.swift in Sources */,
				65B39A652B13E61100948C9D /* ProfileManager.swift in Sources */,
				6529A8402B1AECCC00FF455E /* InvitationKeyView.swift in Sources */,
				650041822B3FDA1B00122C77 /* User.graphql.swift in Sources */,
				6500417E2B3FDA1B00122C77 /* MeasurementSystem.graphql.swift in Sources */,
				650041792B3FDA1B00122C77 /* GetProfileInformationQuery.graphql.swift in Sources */,
				650041882B3FDA1B00122C77 /* UserStats.graphql.swift in Sources */,
				65B35EB02B119BB8002E99E4 /* LifetimeDetailsView.swift in Sources */,
				65B35EA12B11931E002E99E4 /* HomeView.swift in Sources */,
				6500418B2B3FDA1B00122C77 /* OAuthTypeCorrelationInput.graphql.swift in Sources */,
				65F6CFD62B12EA2300E94E40 /* LoginHandler.swift in Sources */,
				6500418C2B3FDA1B00122C77 /* DeleteUserOptions.graphql.swift in Sources */,
				65B35F8E2B11C1E0002E99E4 /* Profile.swift in Sources */,
				6500418A2B3FDA1B00122C77 /* SchemaConfiguration.swift in Sources */,
				650041412B3FA2DC00122C77 /* AppDelegate.swift in Sources */,
				653404A22B26CD1900614C59 /* FolderConnectionHandler+ErrorAlerts.swift in Sources */,
				653404932B24E96800614C59 /* LeaderAttributes.swift in Sources */,
				653404A52B26CFC100614C59 /* FileUploadProgressView.swift in Sources */,
				650041842B3FDA1B00122C77 /* Mutation.graphql.swift in Sources */,
				6500417C2B3FDA1B00122C77 /* GetOAuthLoginsQuery.graphql.swift in Sources */,
				6500416F2B3FDA1B00122C77 /* CombineOAuthAccountsMutation.graphql.swift in Sources */,
				650041772B3FDA1B00122C77 /* GetUploadedLogsQuery.graphql.swift in Sources */,
				653404912B24E51D00614C59 /* TopLeadersForCategoryView.swift in Sources */,
				650041872B3FDA1B00122C77 /* LogDetail.graphql.swift in Sources */,
				650041742B3FDA1B00122C77 /* CreateUserProfilePictureUploadUrlMutation.graphql.swift in Sources */,
				650041712B3FDA1B00122C77 /* LoginOrCreateUserMutation.graphql.swift in Sources */,
				6529A82F2B1669C300FF455E /* FullLifetimeSummaryView.swift in Sources */,
				65B35EA72B1193CC002E99E4 /* AccountView.swift in Sources */,
				6500418F2B3FDA1B00122C77 /* SchemaMetadata.graphql.swift in Sources */,
				65B35EF32B11BE0B002E99E4 /* UserManager.swift in Sources */,
				6529A8342B17EBF300FF455E /* EditProfileView.swift in Sources */,
				65B35EF82B11BE0C002E99E4 /* NetworkInterceptorProvider.swift in Sources */,
				65B35EAE2B1198B1002E99E4 /* ProfileSummaryView.swift in Sources */,
			);
			runOnlyForDeploymentPostprocessing = 0;
		};
/* End PBXSourcesBuildPhase section */

/* Begin XCBuildConfiguration section */
		65B35E982B118C18002E99E4 /* Debug */ = {
			isa = XCBuildConfiguration;
			buildSettings = {
				ALWAYS_SEARCH_USER_PATHS = NO;
				ASSETCATALOG_COMPILER_GENERATE_SWIFT_ASSET_SYMBOL_EXTENSIONS = YES;
				CLANG_ANALYZER_NONNULL = YES;
				CLANG_ANALYZER_NUMBER_OBJECT_CONVERSION = YES_AGGRESSIVE;
				CLANG_CXX_LANGUAGE_STANDARD = "gnu++20";
				CLANG_ENABLE_MODULES = YES;
				CLANG_ENABLE_OBJC_ARC = YES;
				CLANG_ENABLE_OBJC_WEAK = YES;
				CLANG_WARN_BLOCK_CAPTURE_AUTORELEASING = YES;
				CLANG_WARN_BOOL_CONVERSION = YES;
				CLANG_WARN_COMMA = YES;
				CLANG_WARN_CONSTANT_CONVERSION = YES;
				CLANG_WARN_DEPRECATED_OBJC_IMPLEMENTATIONS = YES;
				CLANG_WARN_DIRECT_OBJC_ISA_USAGE = YES_ERROR;
				CLANG_WARN_DOCUMENTATION_COMMENTS = YES;
				CLANG_WARN_EMPTY_BODY = YES;
				CLANG_WARN_ENUM_CONVERSION = YES;
				CLANG_WARN_INFINITE_RECURSION = YES;
				CLANG_WARN_INT_CONVERSION = YES;
				CLANG_WARN_NON_LITERAL_NULL_CONVERSION = YES;
				CLANG_WARN_OBJC_IMPLICIT_RETAIN_SELF = YES;
				CLANG_WARN_OBJC_LITERAL_CONVERSION = YES;
				CLANG_WARN_OBJC_ROOT_CLASS = YES_ERROR;
				CLANG_WARN_QUOTED_INCLUDE_IN_FRAMEWORK_HEADER = YES;
				CLANG_WARN_RANGE_LOOP_ANALYSIS = YES;
				CLANG_WARN_STRICT_PROTOTYPES = YES;
				CLANG_WARN_SUSPICIOUS_MOVE = YES;
				CLANG_WARN_UNGUARDED_AVAILABILITY = YES_AGGRESSIVE;
				CLANG_WARN_UNREACHABLE_CODE = YES;
				CLANG_WARN__DUPLICATE_METHOD_MATCH = YES;
				COPY_PHASE_STRIP = NO;
				DEBUG_INFORMATION_FORMAT = dwarf;
				ENABLE_STRICT_OBJC_MSGSEND = YES;
				ENABLE_TESTABILITY = YES;
				ENABLE_USER_SCRIPT_SANDBOXING = YES;
				GCC_C_LANGUAGE_STANDARD = gnu17;
				GCC_DYNAMIC_NO_PIC = NO;
				GCC_NO_COMMON_BLOCKS = YES;
				GCC_OPTIMIZATION_LEVEL = 0;
				GCC_PREPROCESSOR_DEFINITIONS = (
					"DEBUG=1",
					"$(inherited)",
				);
				GCC_WARN_64_TO_32_BIT_CONVERSION = YES;
				GCC_WARN_ABOUT_RETURN_TYPE = YES_ERROR;
				GCC_WARN_UNDECLARED_SELECTOR = YES;
				GCC_WARN_UNINITIALIZED_AUTOS = YES_AGGRESSIVE;
				GCC_WARN_UNUSED_FUNCTION = YES;
				GCC_WARN_UNUSED_VARIABLE = YES;
				IPHONEOS_DEPLOYMENT_TARGET = 17.0;
				LOCALIZATION_PREFERS_STRING_CATALOGS = YES;
				MTL_ENABLE_DEBUG_INFO = INCLUDE_SOURCE;
				MTL_FAST_MATH = YES;
				ONLY_ACTIVE_ARCH = YES;
				SDKROOT = iphoneos;
				SWIFT_ACTIVE_COMPILATION_CONDITIONS = "DEBUG $(inherited)";
				SWIFT_OPTIMIZATION_LEVEL = "-Onone";
			};
			name = Debug;
		};
		65B35E992B118C18002E99E4 /* Release */ = {
			isa = XCBuildConfiguration;
			buildSettings = {
				ALWAYS_SEARCH_USER_PATHS = NO;
				ASSETCATALOG_COMPILER_GENERATE_SWIFT_ASSET_SYMBOL_EXTENSIONS = YES;
				CLANG_ANALYZER_NONNULL = YES;
				CLANG_ANALYZER_NUMBER_OBJECT_CONVERSION = YES_AGGRESSIVE;
				CLANG_CXX_LANGUAGE_STANDARD = "gnu++20";
				CLANG_ENABLE_MODULES = YES;
				CLANG_ENABLE_OBJC_ARC = YES;
				CLANG_ENABLE_OBJC_WEAK = YES;
				CLANG_WARN_BLOCK_CAPTURE_AUTORELEASING = YES;
				CLANG_WARN_BOOL_CONVERSION = YES;
				CLANG_WARN_COMMA = YES;
				CLANG_WARN_CONSTANT_CONVERSION = YES;
				CLANG_WARN_DEPRECATED_OBJC_IMPLEMENTATIONS = YES;
				CLANG_WARN_DIRECT_OBJC_ISA_USAGE = YES_ERROR;
				CLANG_WARN_DOCUMENTATION_COMMENTS = YES;
				CLANG_WARN_EMPTY_BODY = YES;
				CLANG_WARN_ENUM_CONVERSION = YES;
				CLANG_WARN_INFINITE_RECURSION = YES;
				CLANG_WARN_INT_CONVERSION = YES;
				CLANG_WARN_NON_LITERAL_NULL_CONVERSION = YES;
				CLANG_WARN_OBJC_IMPLICIT_RETAIN_SELF = YES;
				CLANG_WARN_OBJC_LITERAL_CONVERSION = YES;
				CLANG_WARN_OBJC_ROOT_CLASS = YES_ERROR;
				CLANG_WARN_QUOTED_INCLUDE_IN_FRAMEWORK_HEADER = YES;
				CLANG_WARN_RANGE_LOOP_ANALYSIS = YES;
				CLANG_WARN_STRICT_PROTOTYPES = YES;
				CLANG_WARN_SUSPICIOUS_MOVE = YES;
				CLANG_WARN_UNGUARDED_AVAILABILITY = YES_AGGRESSIVE;
				CLANG_WARN_UNREACHABLE_CODE = YES;
				CLANG_WARN__DUPLICATE_METHOD_MATCH = YES;
				COPY_PHASE_STRIP = NO;
				DEBUG_INFORMATION_FORMAT = "dwarf-with-dsym";
				ENABLE_NS_ASSERTIONS = NO;
				ENABLE_STRICT_OBJC_MSGSEND = YES;
				ENABLE_USER_SCRIPT_SANDBOXING = YES;
				GCC_C_LANGUAGE_STANDARD = gnu17;
				GCC_NO_COMMON_BLOCKS = YES;
				GCC_WARN_64_TO_32_BIT_CONVERSION = YES;
				GCC_WARN_ABOUT_RETURN_TYPE = YES_ERROR;
				GCC_WARN_UNDECLARED_SELECTOR = YES;
				GCC_WARN_UNINITIALIZED_AUTOS = YES_AGGRESSIVE;
				GCC_WARN_UNUSED_FUNCTION = YES;
				GCC_WARN_UNUSED_VARIABLE = YES;
				IPHONEOS_DEPLOYMENT_TARGET = 17.0;
				LOCALIZATION_PREFERS_STRING_CATALOGS = YES;
				MTL_ENABLE_DEBUG_INFO = NO;
				MTL_FAST_MATH = YES;
				SDKROOT = iphoneos;
				SWIFT_COMPILATION_MODE = wholemodule;
				VALIDATE_PRODUCT = YES;
			};
			name = Release;
		};
		65B35E9B2B118C18002E99E4 /* Debug */ = {
			isa = XCBuildConfiguration;
			buildSettings = {
				ASSETCATALOG_COMPILER_APPICON_NAME = AppIcon;
				ASSETCATALOG_COMPILER_GLOBAL_ACCENT_COLOR_NAME = AccentColor;
				CODE_SIGN_ENTITLEMENTS = "Lynx-SwiftUI/Lynx-SwiftUI.entitlements";
				CODE_SIGN_STYLE = Automatic;
				CURRENT_PROJECT_VERSION = 1;
				DEVELOPMENT_ASSET_PATHS = "\"Lynx-SwiftUI/Preview Content\"";
				DEVELOPMENT_TEAM = T5V587BPQM;
				ENABLE_PREVIEWS = YES;
				GENERATE_INFOPLIST_FILE = YES;
				INFOPLIST_FILE = "Lynx-SwiftUI/Info.plist";
				INFOPLIST_KEY_CFBundleDisplayName = Lynx;
				INFOPLIST_KEY_LSApplicationCategoryType = "public.app-category.sports";
				INFOPLIST_KEY_UIApplicationSceneManifest_Generation = YES;
				INFOPLIST_KEY_UIApplicationSupportsIndirectInputEvents = YES;
				INFOPLIST_KEY_UILaunchScreen_Generation = YES;
				INFOPLIST_KEY_UISupportedInterfaceOrientations_iPad = "UIInterfaceOrientationPortrait UIInterfaceOrientationPortraitUpsideDown UIInterfaceOrientationLandscapeLeft UIInterfaceOrientationLandscapeRight";
				INFOPLIST_KEY_UISupportedInterfaceOrientations_iPhone = "UIInterfaceOrientationPortrait UIInterfaceOrientationLandscapeLeft UIInterfaceOrientationLandscapeRight";
				LD_RUNPATH_SEARCH_PATHS = (
					"$(inherited)",
					"@executable_path/Frameworks",
				);
				MARKETING_VERSION = 1.1;
				PRODUCT_BUNDLE_IDENTIFIER = "com.matthewfernst.Lynx-SwiftUI";
				PRODUCT_NAME = "$(TARGET_NAME)";
				SWIFT_EMIT_LOC_STRINGS = YES;
				SWIFT_VERSION = 5.0;
				TARGETED_DEVICE_FAMILY = "1,2";
			};
			name = Debug;
		};
		65B35E9C2B118C18002E99E4 /* Release */ = {
			isa = XCBuildConfiguration;
			buildSettings = {
				ASSETCATALOG_COMPILER_APPICON_NAME = AppIcon;
				ASSETCATALOG_COMPILER_GLOBAL_ACCENT_COLOR_NAME = AccentColor;
				CODE_SIGN_ENTITLEMENTS = "Lynx-SwiftUI/Lynx-SwiftUI.entitlements";
				CODE_SIGN_STYLE = Automatic;
				CURRENT_PROJECT_VERSION = 1;
				DEVELOPMENT_ASSET_PATHS = "\"Lynx-SwiftUI/Preview Content\"";
				DEVELOPMENT_TEAM = T5V587BPQM;
				ENABLE_PREVIEWS = YES;
				GENERATE_INFOPLIST_FILE = YES;
				INFOPLIST_FILE = "Lynx-SwiftUI/Info.plist";
				INFOPLIST_KEY_CFBundleDisplayName = Lynx;
				INFOPLIST_KEY_LSApplicationCategoryType = "public.app-category.sports";
				INFOPLIST_KEY_UIApplicationSceneManifest_Generation = YES;
				INFOPLIST_KEY_UIApplicationSupportsIndirectInputEvents = YES;
				INFOPLIST_KEY_UILaunchScreen_Generation = YES;
				INFOPLIST_KEY_UISupportedInterfaceOrientations_iPad = "UIInterfaceOrientationPortrait UIInterfaceOrientationPortraitUpsideDown UIInterfaceOrientationLandscapeLeft UIInterfaceOrientationLandscapeRight";
				INFOPLIST_KEY_UISupportedInterfaceOrientations_iPhone = "UIInterfaceOrientationPortrait UIInterfaceOrientationLandscapeLeft UIInterfaceOrientationLandscapeRight";
				LD_RUNPATH_SEARCH_PATHS = (
					"$(inherited)",
					"@executable_path/Frameworks",
				);
				MARKETING_VERSION = 1.1;
				PRODUCT_BUNDLE_IDENTIFIER = "com.matthewfernst.Lynx-SwiftUI";
				PRODUCT_NAME = "$(TARGET_NAME)";
				SWIFT_EMIT_LOC_STRINGS = YES;
				SWIFT_VERSION = 5.0;
				TARGETED_DEVICE_FAMILY = "1,2";
			};
			name = Release;
		};
/* End XCBuildConfiguration section */

/* Begin XCConfigurationList section */
		65B35E872B118C17002E99E4 /* Build configuration list for PBXProject "Lynx-SwiftUI" */ = {
			isa = XCConfigurationList;
			buildConfigurations = (
				65B35E982B118C18002E99E4 /* Debug */,
				65B35E992B118C18002E99E4 /* Release */,
			);
			defaultConfigurationIsVisible = 0;
			defaultConfigurationName = Release;
		};
		65B35E9A2B118C18002E99E4 /* Build configuration list for PBXNativeTarget "Lynx-SwiftUI" */ = {
			isa = XCConfigurationList;
			buildConfigurations = (
				65B35E9B2B118C18002E99E4 /* Debug */,
				65B35E9C2B118C18002E99E4 /* Release */,
			);
			defaultConfigurationIsVisible = 0;
			defaultConfigurationName = Release;
		};
/* End XCConfigurationList section */

/* Begin XCRemoteSwiftPackageReference section */
		6500419D2B3FDEC200122C77 /* XCRemoteSwiftPackageReference "facebook-ios-sdk" */ = {
			isa = XCRemoteSwiftPackageReference;
			repositoryURL = "https://github.com/facebook/facebook-ios-sdk";
			requirement = {
				kind = upToNextMajorVersion;
				minimumVersion = 15.0.0;
			};
		};
		652733E52B22D4F40081B2E5 /* XCRemoteSwiftPackageReference "TOCropViewController" */ = {
			isa = XCRemoteSwiftPackageReference;
			repositoryURL = "https://github.com/TimOliver/TOCropViewController";
			requirement = {
				kind = upToNextMajorVersion;
				minimumVersion = 2.6.1;
			};
		};
		65B35F272B11BEA1002E99E4 /* XCRemoteSwiftPackageReference "GoogleSignIn-iOS" */ = {
			isa = XCRemoteSwiftPackageReference;
			repositoryURL = "https://github.com/google/GoogleSignIn-iOS";
			requirement = {
				kind = upToNextMajorVersion;
				minimumVersion = 7.0.0;
			};
		};
		65B35F332B11BFE2002E99E4 /* XCRemoteSwiftPackageReference "apollo-ios" */ = {
			isa = XCRemoteSwiftPackageReference;
			repositoryURL = "https://github.com/apollographql/apollo-ios";
			requirement = {
				kind = exactVersion;
				version = 1.1.2;
			};
		};
/* End XCRemoteSwiftPackageReference section */

/* Begin XCSwiftPackageProductDependency section */
		650041A02B3FDEC200122C77 /* FacebookBasics */ = {
			isa = XCSwiftPackageProductDependency;
			package = 6500419D2B3FDEC200122C77 /* XCRemoteSwiftPackageReference "facebook-ios-sdk" */;
			productName = FacebookBasics;
		};
		650041A22B3FDEC200122C77 /* FacebookCore */ = {
			isa = XCSwiftPackageProductDependency;
			package = 6500419D2B3FDEC200122C77 /* XCRemoteSwiftPackageReference "facebook-ios-sdk" */;
			productName = FacebookCore;
		};
		650041A62B3FDEC200122C77 /* FacebookLogin */ = {
			isa = XCSwiftPackageProductDependency;
			package = 6500419D2B3FDEC200122C77 /* XCRemoteSwiftPackageReference "facebook-ios-sdk" */;
			productName = FacebookLogin;
		};
		65B35F282B11BEA1002E99E4 /* GoogleSignIn */ = {
			isa = XCSwiftPackageProductDependency;
			package = 65B35F272B11BEA1002E99E4 /* XCRemoteSwiftPackageReference "GoogleSignIn-iOS" */;
			productName = GoogleSignIn;
		};
		65B35F2A2B11BEA1002E99E4 /* GoogleSignInSwift */ = {
			isa = XCSwiftPackageProductDependency;
			package = 65B35F272B11BEA1002E99E4 /* XCRemoteSwiftPackageReference "GoogleSignIn-iOS" */;
			productName = GoogleSignInSwift;
		};
		65B35F342B11BFE2002E99E4 /* Apollo */ = {
			isa = XCSwiftPackageProductDependency;
			package = 65B35F332B11BFE2002E99E4 /* XCRemoteSwiftPackageReference "apollo-ios" */;
			productName = Apollo;
		};
/* End XCSwiftPackageProductDependency section */
	};
	rootObject = 65B35E842B118C17002E99E4 /* Project object */;
}
